
Microsoft Visual Studio Solution File, Format Version 12.00
# Visual Studio Version 17
VisualStudioVersion = 17.3.32922.545
MinimumVisualStudioVersion = 10.0.40219.1
Project("{FAE04EC0-301F-11D3-BF4B-00C04F79EFBC}") = "SPLAT", "SPLAT\SPLAT.csproj", "{EBA0BA86-C7B9-4825-B127-F58A0BB5752F}"
EndProject
Project("{FAE04EC0-301F-11D3-BF4B-00C04F79EFBC}") = "SplatTest", "SplatTest\SplatTest.csproj", "{A98F77F1-66C2-4D55-8CE9-050212C95F00}"
EndProject
Global
	GlobalSection(SolutionConfigurationPlatforms) = preSolution
		Debug|Any CPU = Debug|Any CPU
		Release|Any CPU = Release|Any CPU
	EndGlobalSection
	GlobalSection(ProjectConfigurationPlatforms) = postSolution
		{EBA0BA86-C7B9-4825-B127-F58A0BB5752F}.Debug|Any CPU.ActiveCfg = Debug|Any CPU
		{EBA0BA86-C7B9-4825-B127-F58A0BB5752F}.Debug|Any CPU.Build.0 = Debug|Any CPU
		{EBA0BA86-C7B9-4825-B127-F58A0BB5752F}.Release|Any CPU.ActiveCfg = Release|Any CPU
		{EBA0BA86-C7B9-4825-B127-F58A0BB5752F}.Release|Any CPU.Build.0 = Release|Any CPU
		{A98F77F1-66C2-4D55-8CE9-050212C95F00}.Debug|Any CPU.ActiveCfg = Debug|Any CPU
		{A98F77F1-66C2-4D55-8CE9-050212C95F00}.Debug|Any CPU.Build.0 = Debug|Any CPU
		{A98F77F1-66C2-4D55-8CE9-050212C95F00}.Release|Any CPU.ActiveCfg = Release|Any CPU
		{A98F77F1-66C2-4D55-8CE9-050212C95F00}.Release|Any CPU.Build.0 = Release|Any CPU
	EndGlobalSection
	GlobalSection(SolutionProperties) = preSolution
		HideSolutionNode = FALSE
	EndGlobalSection
	GlobalSection(ExtensibilityGlobals) = postSolution
		SolutionGuid = {FDC47295-DD37-4BE9-A8E7-CD35C6578DAF}
	EndGlobalSection
EndGlobal
